
Microsoft Visual Studio Solution File, Format Version 12.00
# Visual Studio Version 16
VisualStudioVersion = 16.0.29613.14
MinimumVisualStudioVersion = 10.0.40219.1
Project("{9A19103F-16F7-4668-BE54-9A1E7A4F7556}") = "Practical 1", "Practical 1\Pattern\Practical 1.csproj", "{466CAA86-F87E-42FE-87C0-F3DE7563C1CC}"
EndProject
Project("{9A19103F-16F7-4668-BE54-9A1E7A4F7556}") = "Practical 2", "Practical 2\Validate\Practical 2.csproj", "{A1358579-4707-4077-8940-2415369BEE85}"
EndProject
Project("{9A19103F-16F7-4668-BE54-9A1E7A4F7556}") = "Practical 3", "Practical 3\Converter\Practical 3.csproj", "{D4FD1211-43EA-40B4-8DD3-EB2DAF15AE24}"
EndProject
Project("{9A19103F-16F7-4668-BE54-9A1E7A4F7556}") = "Practical 4", "Practical 4\InfixToPostfix\Practical 4.csproj", "{D23826C7-A2B1-42DD-938D-558FA8480AE0}"
EndProject
Project("{9A19103F-16F7-4668-BE54-9A1E7A4F7556}") = "Practical 5", "Practical 5\Practical 5.csproj", "{7C57337B-E394-4DC8-8413-D7C3EE2C3501}"
EndProject
Project("{9A19103F-16F7-4668-BE54-9A1E7A4F7556}") = "Practical 6", "Practical 6\currencyConverot\Practical 6.csproj", "{C5B37F61-D939-4A22-AB99-645D244878C5}"
EndProject
Project("{9A19103F-16F7-4668-BE54-9A1E7A4F7556}") = "Practical 7", "Practical 7\temperatureConverot\Practical 7.csproj", "{915F4524-748F-4EED-BD86-8F46588E6421}"
EndProject
Project("{FAE04EC0-301F-11D3-BF4B-00C04F79EFBC}") = "Practical 8", "Practical 8\Practical 8.csproj", "{114C2B25-B07D-40E9-8CF0-1D80AC74EA28}"
EndProject
Project("{FAE04EC0-301F-11D3-BF4B-00C04F79EFBC}") = "Practical 9", "Practical 9\Practical 9.csproj", "{68A388C2-454A-4881-B6DE-8B75EE980EFC}"
EndProject
Project("{FAE04EC0-301F-11D3-BF4B-00C04F79EFBC}") = "Practical 10", "Practical 10\Practical 10.csproj", "{5AF08D16-A58E-4BD8-896C-B9BD8DDA9DA1}"
EndProject
Project("{FAE04EC0-301F-11D3-BF4B-00C04F79EFBC}") = "Practical 11", "Practical 11\Practical 11.csproj", "{E8D7CDC7-E5CD-412D-A7ED-BA05871937D8}"
EndProject
Project("{FAE04EC0-301F-11D3-BF4B-00C04F79EFBC}") = "Practical 12", "Practical 12\Practical 12.csproj", "{723A46DC-BF86-4074-8499-F83C54ACE2A2}"
EndProject
Project("{9A19103F-16F7-4668-BE54-9A1E7A4F7556}") = "Salesman", "Salesman\Salesman\Salesman.csproj", "{4542A01D-5E55-451F-8E1D-7BE21A559214}"
EndProject
Project("{9A19103F-16F7-4668-BE54-9A1E7A4F7556}") = "HelloWorld", "HelloWorld\HelloWorld\HelloWorld.csproj", "{8A1FAE6D-CCE0-4B04-B691-5A29861EA88D}"
EndProject
Project("{9A19103F-16F7-4668-BE54-9A1E7A4F7556}") = "iSalesman", "iSalesman\iSalesman\iSalesman.csproj", "{5114684F-EFD4-454C-B56F-BE06B3AA4EB0}"
EndProject
Global
	GlobalSection(SolutionConfigurationPlatforms) = preSolution
		Debug|Any CPU = Debug|Any CPU
		Release|Any CPU = Release|Any CPU
	EndGlobalSection
	GlobalSection(ProjectConfigurationPlatforms) = postSolution
		{466CAA86-F87E-42FE-87C0-F3DE7563C1CC}.Debug|Any CPU.ActiveCfg = Debug|Any CPU
		{466CAA86-F87E-42FE-87C0-F3DE7563C1CC}.Debug|Any CPU.Build.0 = Debug|Any CPU
		{466CAA86-F87E-42FE-87C0-F3DE7563C1CC}.Release|Any CPU.ActiveCfg = Release|Any CPU
		{466CAA86-F87E-42FE-87C0-F3DE7563C1CC}.Release|Any CPU.Build.0 = Release|Any CPU
		{A1358579-4707-4077-8940-2415369BEE85}.Debug|Any CPU.ActiveCfg = Debug|Any CPU
		{A1358579-4707-4077-8940-2415369BEE85}.Debug|Any CPU.Build.0 = Debug|Any CPU
		{A1358579-4707-4077-8940-2415369BEE85}.Release|Any CPU.ActiveCfg = Release|Any CPU
		{A1358579-4707-4077-8940-2415369BEE85}.Release|Any CPU.Build.0 = Release|Any CPU
		{D4FD1211-43EA-40B4-8DD3-EB2DAF15AE24}.Debug|Any CPU.ActiveCfg = Debug|Any CPU
		{D4FD1211-43EA-40B4-8DD3-EB2DAF15AE24}.Debug|Any CPU.Build.0 = Debug|Any CPU
		{D4FD1211-43EA-40B4-8DD3-EB2DAF15AE24}.Release|Any CPU.ActiveCfg = Release|Any CPU
		{D4FD1211-43EA-40B4-8DD3-EB2DAF15AE24}.Release|Any CPU.Build.0 = Release|Any CPU
		{D23826C7-A2B1-42DD-938D-558FA8480AE0}.Debug|Any CPU.ActiveCfg = Debug|Any CPU
		{D23826C7-A2B1-42DD-938D-558FA8480AE0}.Debug|Any CPU.Build.0 = Debug|Any CPU
		{D23826C7-A2B1-42DD-938D-558FA8480AE0}.Release|Any CPU.ActiveCfg = Release|Any CPU
		{D23826C7-A2B1-42DD-938D-558FA8480AE0}.Release|Any CPU.Build.0 = Release|Any CPU
		{7C57337B-E394-4DC8-8413-D7C3EE2C3501}.Debug|Any CPU.ActiveCfg = Debug|Any CPU
		{7C57337B-E394-4DC8-8413-D7C3EE2C3501}.Debug|Any CPU.Build.0 = Debug|Any CPU
		{7C57337B-E394-4DC8-8413-D7C3EE2C3501}.Release|Any CPU.ActiveCfg = Release|Any CPU
		{7C57337B-E394-4DC8-8413-D7C3EE2C3501}.Release|Any CPU.Build.0 = Release|Any CPU
		{C5B37F61-D939-4A22-AB99-645D244878C5}.Debug|Any CPU.ActiveCfg = Debug|Any CPU
		{C5B37F61-D939-4A22-AB99-645D244878C5}.Debug|Any CPU.Build.0 = Debug|Any CPU
		{C5B37F61-D939-4A22-AB99-645D244878C5}.Release|Any CPU.ActiveCfg = Release|Any CPU
		{C5B37F61-D939-4A22-AB99-645D244878C5}.Release|Any CPU.Build.0 = Release|Any CPU
		{915F4524-748F-4EED-BD86-8F46588E6421}.Debug|Any CPU.ActiveCfg = Debug|Any CPU
		{915F4524-748F-4EED-BD86-8F46588E6421}.Debug|Any CPU.Build.0 = Debug|Any CPU
		{915F4524-748F-4EED-BD86-8F46588E6421}.Release|Any CPU.ActiveCfg = Release|Any CPU
		{915F4524-748F-4EED-BD86-8F46588E6421}.Release|Any CPU.Build.0 = Release|Any CPU
		{114C2B25-B07D-40E9-8CF0-1D80AC74EA28}.Debug|Any CPU.ActiveCfg = Debug|Any CPU
		{114C2B25-B07D-40E9-8CF0-1D80AC74EA28}.Debug|Any CPU.Build.0 = Debug|Any CPU
		{114C2B25-B07D-40E9-8CF0-1D80AC74EA28}.Release|Any CPU.ActiveCfg = Release|Any CPU
		{114C2B25-B07D-40E9-8CF0-1D80AC74EA28}.Release|Any CPU.Build.0 = Release|Any CPU
		{68A388C2-454A-4881-B6DE-8B75EE980EFC}.Debug|Any CPU.ActiveCfg = Debug|Any CPU
		{68A388C2-454A-4881-B6DE-8B75EE980EFC}.Debug|Any CPU.Build.0 = Debug|Any CPU
		{68A388C2-454A-4881-B6DE-8B75EE980EFC}.Release|Any CPU.ActiveCfg = Release|Any CPU
		{68A388C2-454A-4881-B6DE-8B75EE980EFC}.Release|Any CPU.Build.0 = Release|Any CPU
		{5AF08D16-A58E-4BD8-896C-B9BD8DDA9DA1}.Debug|Any CPU.ActiveCfg = Debug|Any CPU
		{5AF08D16-A58E-4BD8-896C-B9BD8DDA9DA1}.Debug|Any CPU.Build.0 = Debug|Any CPU
		{5AF08D16-A58E-4BD8-896C-B9BD8DDA9DA1}.Release|Any CPU.ActiveCfg = Release|Any CPU
		{5AF08D16-A58E-4BD8-896C-B9BD8DDA9DA1}.Release|Any CPU.Build.0 = Release|Any CPU
		{E8D7CDC7-E5CD-412D-A7ED-BA05871937D8}.Debug|Any CPU.ActiveCfg = Debug|Any CPU
		{E8D7CDC7-E5CD-412D-A7ED-BA05871937D8}.Debug|Any CPU.Build.0 = Debug|Any CPU
		{E8D7CDC7-E5CD-412D-A7ED-BA05871937D8}.Release|Any CPU.ActiveCfg = Release|Any CPU
		{E8D7CDC7-E5CD-412D-A7ED-BA05871937D8}.Release|Any CPU.Build.0 = Release|Any CPU
		{723A46DC-BF86-4074-8499-F83C54ACE2A2}.Debug|Any CPU.ActiveCfg = Debug|Any CPU
		{723A46DC-BF86-4074-8499-F83C54ACE2A2}.Debug|Any CPU.Build.0 = Debug|Any CPU
		{723A46DC-BF86-4074-8499-F83C54ACE2A2}.Release|Any CPU.ActiveCfg = Release|Any CPU
		{723A46DC-BF86-4074-8499-F83C54ACE2A2}.Release|Any CPU.Build.0 = Release|Any CPU
		{4542A01D-5E55-451F-8E1D-7BE21A559214}.Debug|Any CPU.ActiveCfg = Debug|Any CPU
		{4542A01D-5E55-451F-8E1D-7BE21A559214}.Debug|Any CPU.Build.0 = Debug|Any CPU
		{4542A01D-5E55-451F-8E1D-7BE21A559214}.Release|Any CPU.ActiveCfg = Release|Any CPU
		{4542A01D-5E55-451F-8E1D-7BE21A559214}.Release|Any CPU.Build.0 = Release|Any CPU
		{8A1FAE6D-CCE0-4B04-B691-5A29861EA88D}.Debug|Any CPU.ActiveCfg = Debug|Any CPU
		{8A1FAE6D-CCE0-4B04-B691-5A29861EA88D}.Debug|Any CPU.Build.0 = Debug|Any CPU
		{8A1FAE6D-CCE0-4B04-B691-5A29861EA88D}.Release|Any CPU.ActiveCfg = Release|Any CPU
		{8A1FAE6D-CCE0-4B04-B691-5A29861EA88D}.Release|Any CPU.Build.0 = Release|Any CPU
		{5114684F-EFD4-454C-B56F-BE06B3AA4EB0}.Debug|Any CPU.ActiveCfg = Debug|Any CPU
		{5114684F-EFD4-454C-B56F-BE06B3AA4EB0}.Debug|Any CPU.Build.0 = Debug|Any CPU
		{5114684F-EFD4-454C-B56F-BE06B3AA4EB0}.Release|Any CPU.ActiveCfg = Release|Any CPU
		{5114684F-EFD4-454C-B56F-BE06B3AA4EB0}.Release|Any CPU.Build.0 = Release|Any CPU
	EndGlobalSection
	GlobalSection(SolutionProperties) = preSolution
		HideSolutionNode = FALSE
	EndGlobalSection
	GlobalSection(ExtensibilityGlobals) = postSolution
		SolutionGuid = {63D7E47F-FF55-4EF3-B72A-D696FA7E4CFA}
	EndGlobalSection
EndGlobal
